{
  "version": 4,
  "terraform_version": "1.3.2",
  "serial": 86,
  "lineage": "c7b4056f-c52f-251e-6d64-d3a8302e1e16",
  "outputs": {
    "instance": {
      "value": [
        {
          "instance_ipv4_address": "158.193.153.145",
          "instance_ipv6_address": "[2001:4118:300:124::1:296]",
          "instance_name": "onpk-dev-instance",
          "instance_network_name": "ext-net",
          "instance_security_group_id": "72155a3b-3e36-47ce-bfce-1d58b36556ae",
          "run_this_command": "ssh -i ./onpk-dev-keypair.pem ubuntu@158.193.153.145"
        }
      ],
      "type": [
        "tuple",
        [
          [
            "object",
            {
              "instance_ipv4_address": "string",
              "instance_ipv6_address": "string",
              "instance_name": "string",
              "instance_network_name": "string",
              "instance_security_group_id": "string",
              "run_this_command": "string"
            }
          ]
        ]
      ]
    }
  },
  "resources": [
    {
      "mode": "data",
      "type": "http",
      "name": "my_public_ip",
      "provider": "provider[\"registry.terraform.io/hashicorp/http\"]",
      "instances": [
        {
          "schema_version": 0,
          "attributes": {
            "body": "195.91.16.43\n",
            "id": "http://ipv4.icanhazip.com",
            "method": null,
            "request_body": null,
            "request_headers": null,
            "response_body": "195.91.16.43\n",
            "response_headers": {
              "Access-Control-Allow-Methods": "GET",
              "Access-Control-Allow-Origin": "*",
              "Alt-Svc": "h3=\":443\"; ma=86400, h3-29=\":443\"; ma=86400",
              "Cf-Ray": "75992edc3c8ac219-VIE",
              "Connection": "keep-alive",
              "Content-Length": "13",
              "Content-Type": "text/plain",
              "Date": "Thu, 13 Oct 2022 15:42:04 GMT",
              "Server": "cloudflare",
              "Set-Cookie": "__cf_bm=ehRlJfOjznvV5h19EV2TV.tADhbvVyg9DPBJxhuzQ3Q-1665675724-0-AWAZi5Ud9cVR3G6HWtUUzgXInPJirSrtr9KEtxdGUMmps18ulFcuc5pScdAUUuG/a6WbPh3WQrDU+7S4XGxjz/o=; path=/; expires=Thu, 13-Oct-22 16:12:04 GMT; domain=.icanhazip.com; HttpOnly; SameSite=None",
              "Vary": "Accept-Encoding"
            },
            "status_code": 200,
            "url": "http://ipv4.icanhazip.com"
          },
          "sensitive_attributes": []
        }
      ]
    },
    {
      "mode": "managed",
      "type": "local_file",
      "name": "private_key",
      "provider": "provider[\"registry.terraform.io/hashicorp/local\"]",
      "instances": [
        {
          "schema_version": 0,
          "attributes": {
            "content": "-----BEGIN RSA PRIVATE KEY-----\nMIIEpQIBAAKCAQEA4ROkoVOFRMimxBVYW/7o6WKXrg8rbgAi8I5RzMD8mE/Q+EJH\n3Q/A0tuOgt6TBrktQNTeq1dgwRwVH42LN7uLXsYl4EQjL4/HsJHKO+Pr8oaHMx9q\nHxs5yDVlwt5csi96Ky0hvNXwlOIRn2WY77ydIv8A/rpT6iTDzRCQQA+GDB90kk/1\npQUwZ4wH3Mb2EZOL9/YITA5OWL33vONn7AJEhty/gNvzMVyCZrNY9jIfyF6AQdq3\njClZxXkcPKcMF/wPcZ6aJqkar2zy8Yi0QwowywEDcvQ5xkJZYnU9J7267tFjCrR7\nqWYG9KX+JSAs1yFGa40baqTR4W1Mslnjw5ZlKwIDAQABAoIBAQDSs1fPqmc8v/XV\n5AGGhXg2WxSRXiQS4s/Sj/iljBgq4bVHYozxtfiVq/GaM5BBoAJsCZq1naO2w3pG\nwnOMZeYPf8EfU8n4kUmn0qMWM8TCkgto4USwAAW0lcBAj3cJW4areqF1rHV+eq9y\nn2JvMwuLIlslGvrJW0ds5c+UGLQtDVdAjqpVGXDdqWpbC+DD3t26Bbum9P0gbzVH\nmmo0Smb4cqAx57Y8n1R0SKzPc2hAWpkFDWAy/aRgL5acCDkKBaUXBkPMiz9sba09\nqy3zsEEmFoK0NVb6k9PR5cRBjuXkRmi0CvjwNGw1GlkfvKrN7PUNxE5Ijqxwd3Zo\nCCbZ5gMhAoGBAPz/OGAzteHrknARW/9vqq5GfwAi2fKGGW5xANiVQIbLk2+drK7Q\n/VhZaSLRNXr3ACEuf2FIb+qx+mgExwX/4+ViCGnyHau1GgAN7hVhNTRMGy7uJ0k/\nMenGFbZFqVIokodNsW+u58wdQnplSHe8kBfFeTeU6urjnSGHvO7Tx+mbAoGBAOO/\nlPhTB4T3iT8uVLpSNl8hlXPJ+weKZ0HPcYnmHsqgOmAQFVmMIfziSQ83e83kDf68\nzgTKdBk9cpEAjdIzhd9sy5Mf1MTf2yj0FZ3290UdurGLVKXaZOCiUAmCLGm6roQZ\n5daAEpSdc9ZcQN2n5/uoy/s/nxWVV2X7oVavvDOxAoGBAMP/pVlCNmIz8lrH2BHo\nHL6u9qzQUzDEGueovBMObdL/29TYvnMgjWTov76tfVUqDfum3iAr0ihsgaYcLWPE\nfnWyoPoTDFF+GAp6wDvn9yPw4g5VijIAt1Z4k1GGXkq8C+iulAwF4KYM9PeFh8Lb\nXnZMEkCxKd2XQKA9XG1ZvMKJAoGAa1NJPIzEKmEMiH2o5/T+Mm59I4e3iKIsbtL3\nSmjrccl4OPTbWsuy6J0qmMUozqn9/mGzJIbTl2Fhr/t22ev11ohKlxaVCgIEIZSE\n62AKvsN3y1tBlLcKeuGCnjh9/YU/4Hjj2uWX2/knMYlf+BS8Odgd6FTe/yjVevXN\n3jAKnMECgYEArekxOLRZuV5EuSoTqJ/SPq5TcG/wbyQD0Uul5Bio1NUj9pnUb96d\nU8Dm7xSu4jLnhkteUf6HMT8hMNZjovg88FmtiKah032Q78MoT3TxTMuuAJUNUf7i\nolnWOqM57pYuj4kNrQtGS3iBViwCXbo+mq+qHPf6+sdp1byy+CqjLAI=\n-----END RSA PRIVATE KEY-----\n",
            "content_base64": null,
            "directory_permission": "0777",
            "file_permission": "0400",
            "filename": "./onpk-dev-keypair.pem",
            "id": "54cb46b5970299eac6eb32d8aab62707bb8166ea",
            "sensitive_content": null,
            "source": null
          },
          "sensitive_attributes": [],
          "private": "bnVsbA==",
          "dependencies": [
            "openstack_compute_keypair_v2.keypair"
          ]
        }
      ]
    },
    {
      "mode": "managed",
      "type": "openstack_compute_keypair_v2",
      "name": "keypair",
      "provider": "provider[\"registry.terraform.io/terraform-provider-openstack/openstack\"]",
      "instances": [
        {
          "schema_version": 0,
          "attributes": {
            "fingerprint": "94:94:65:24:69:d0:ed:23:d6:0d:73:d1:4a:74:e8:bd",
            "id": "onpk-dev-keypair",
            "name": "onpk-dev-keypair",
            "private_key": "-----BEGIN RSA PRIVATE KEY-----\nMIIEpQIBAAKCAQEA4ROkoVOFRMimxBVYW/7o6WKXrg8rbgAi8I5RzMD8mE/Q+EJH\n3Q/A0tuOgt6TBrktQNTeq1dgwRwVH42LN7uLXsYl4EQjL4/HsJHKO+Pr8oaHMx9q\nHxs5yDVlwt5csi96Ky0hvNXwlOIRn2WY77ydIv8A/rpT6iTDzRCQQA+GDB90kk/1\npQUwZ4wH3Mb2EZOL9/YITA5OWL33vONn7AJEhty/gNvzMVyCZrNY9jIfyF6AQdq3\njClZxXkcPKcMF/wPcZ6aJqkar2zy8Yi0QwowywEDcvQ5xkJZYnU9J7267tFjCrR7\nqWYG9KX+JSAs1yFGa40baqTR4W1Mslnjw5ZlKwIDAQABAoIBAQDSs1fPqmc8v/XV\n5AGGhXg2WxSRXiQS4s/Sj/iljBgq4bVHYozxtfiVq/GaM5BBoAJsCZq1naO2w3pG\nwnOMZeYPf8EfU8n4kUmn0qMWM8TCkgto4USwAAW0lcBAj3cJW4areqF1rHV+eq9y\nn2JvMwuLIlslGvrJW0ds5c+UGLQtDVdAjqpVGXDdqWpbC+DD3t26Bbum9P0gbzVH\nmmo0Smb4cqAx57Y8n1R0SKzPc2hAWpkFDWAy/aRgL5acCDkKBaUXBkPMiz9sba09\nqy3zsEEmFoK0NVb6k9PR5cRBjuXkRmi0CvjwNGw1GlkfvKrN7PUNxE5Ijqxwd3Zo\nCCbZ5gMhAoGBAPz/OGAzteHrknARW/9vqq5GfwAi2fKGGW5xANiVQIbLk2+drK7Q\n/VhZaSLRNXr3ACEuf2FIb+qx+mgExwX/4+ViCGnyHau1GgAN7hVhNTRMGy7uJ0k/\nMenGFbZFqVIokodNsW+u58wdQnplSHe8kBfFeTeU6urjnSGHvO7Tx+mbAoGBAOO/\nlPhTB4T3iT8uVLpSNl8hlXPJ+weKZ0HPcYnmHsqgOmAQFVmMIfziSQ83e83kDf68\nzgTKdBk9cpEAjdIzhd9sy5Mf1MTf2yj0FZ3290UdurGLVKXaZOCiUAmCLGm6roQZ\n5daAEpSdc9ZcQN2n5/uoy/s/nxWVV2X7oVavvDOxAoGBAMP/pVlCNmIz8lrH2BHo\nHL6u9qzQUzDEGueovBMObdL/29TYvnMgjWTov76tfVUqDfum3iAr0ihsgaYcLWPE\nfnWyoPoTDFF+GAp6wDvn9yPw4g5VijIAt1Z4k1GGXkq8C+iulAwF4KYM9PeFh8Lb\nXnZMEkCxKd2XQKA9XG1ZvMKJAoGAa1NJPIzEKmEMiH2o5/T+Mm59I4e3iKIsbtL3\nSmjrccl4OPTbWsuy6J0qmMUozqn9/mGzJIbTl2Fhr/t22ev11ohKlxaVCgIEIZSE\n62AKvsN3y1tBlLcKeuGCnjh9/YU/4Hjj2uWX2/knMYlf+BS8Odgd6FTe/yjVevXN\n3jAKnMECgYEArekxOLRZuV5EuSoTqJ/SPq5TcG/wbyQD0Uul5Bio1NUj9pnUb96d\nU8Dm7xSu4jLnhkteUf6HMT8hMNZjovg88FmtiKah032Q78MoT3TxTMuuAJUNUf7i\nolnWOqM57pYuj4kNrQtGS3iBViwCXbo+mq+qHPf6+sdp1byy+CqjLAI=\n-----END RSA PRIVATE KEY-----\n",
            "public_key": "ssh-rsa AAAAB3NzaC1yc2EAAAADAQABAAABAQDhE6ShU4VEyKbEFVhb/ujpYpeuDytuACLwjlHMwPyYT9D4QkfdD8DS246C3pMGuS1A1N6rV2DBHBUfjYs3u4texiXgRCMvj8ewkco74+vyhoczH2ofGznINWXC3lyyL3orLSG81fCU4hGfZZjvvJ0i/wD+ulPqJMPNEJBAD4YMH3SST/WlBTBnjAfcxvYRk4v39ghMDk5Yvfe842fsAkSG3L+A2/MxXIJms1j2Mh/IXoBB2reMKVnFeRw8pwwX/A9xnpomqRqvbPLxiLRDCjDLAQNy9DnGQllidT0nvbru0WMKtHupZgb0pf4lICzXIUZrjRtqpNHhbUyyWePDlmUr Generated-by-Nova",
            "region": "RegionOne",
            "user_id": "",
            "value_specs": null
          },
          "sensitive_attributes": [],
          "private": "bnVsbA=="
        }
      ]
    },
    {
      "module": "module.instance",
      "mode": "managed",
      "type": "openstack_compute_instance_v2",
      "name": "instance",
      "provider": "provider[\"registry.terraform.io/terraform-provider-openstack/openstack\"]",
      "instances": [
        {
          "schema_version": 0,
          "attributes": {
            "access_ip_v4": "158.193.153.145",
            "access_ip_v6": "[2001:4118:300:124::1:296]",
            "admin_pass": null,
            "all_metadata": {},
            "all_tags": [],
            "availability_zone": "compute1",
            "availability_zone_hints": null,
            "block_device": [],
            "config_drive": null,
            "flavor_id": "7de08105-668c-48c1-8978-5fc40f578d24",
            "flavor_name": "ONPK_small",
            "floating_ip": null,
            "force_delete": false,
            "id": "7a80b12a-188f-4be2-ae59-94f8f95c7ded",
            "image_id": "0fc1152a-4037-4d89-a22a-60f477e2eba0",
            "image_name": "ubuntu_server_20.04_Openstack",
            "key_pair": "onpk-dev-keypair",
            "metadata": null,
            "name": "onpk-dev-instance",
            "network": [
              {
                "access_network": false,
                "fixed_ip_v4": "158.193.153.145",
                "fixed_ip_v6": "[2001:4118:300:124::1:296]",
                "floating_ip": "",
                "mac": "fa:16:3e:84:bc:87",
                "name": "ext-net",
                "port": "",
                "uuid": "1879d9ce-dd1f-4d9b-a9b0-d4fe208dc88a"
              }
            ],
            "network_mode": null,
            "personality": [],
            "power_state": "active",
            "region": "RegionOne",
            "scheduler_hints": [],
            "security_groups": [
              "onpk-dev-secgroup"
            ],
            "stop_before_destroy": false,
            "tags": [],
            "timeouts": null,
            "user_data": "58db17cf10d02398b638abc0298ccd0630fbd8c7",
            "vendor_options": [],
            "volume": []
          },
          "sensitive_attributes": [],
          "private": "eyJlMmJmYjczMC1lY2FhLTExZTYtOGY4OC0zNDM2M2JjN2M0YzAiOnsiY3JlYXRlIjoxODAwMDAwMDAwMDAwLCJkZWxldGUiOjE4MDAwMDAwMDAwMDAsInVwZGF0ZSI6MTgwMDAwMDAwMDAwMH19",
          "dependencies": [
            "module.instance.openstack_networking_secgroup_v2.security_group",
            "openstack_compute_keypair_v2.keypair"
          ]
        }
      ]
    },
    {
      "module": "module.instance",
      "mode": "managed",
      "type": "openstack_networking_secgroup_rule_v2",
      "name": "security_group_rule_icmp",
      "provider": "provider[\"registry.terraform.io/terraform-provider-openstack/openstack\"]",
      "instances": [
        {
          "schema_version": 0,
          "attributes": {
            "description": "Managed by Terraform!",
            "direction": "ingress",
            "ethertype": "IPv4",
            "id": "273a971a-1289-48bc-b983-d9581532d03d",
            "port_range_max": 0,
            "port_range_min": 0,
            "protocol": "icmp",
            "region": "RegionOne",
            "remote_group_id": "",
            "remote_ip_prefix": "195.91.16.43/32",
            "security_group_id": "72155a3b-3e36-47ce-bfce-1d58b36556ae",
            "tenant_id": "fa3a287703a04a5ebd33ac58e7986357",
            "timeouts": null
          },
          "sensitive_attributes": [],
          "private": "eyJlMmJmYjczMC1lY2FhLTExZTYtOGY4OC0zNDM2M2JjN2M0YzAiOnsiZGVsZXRlIjo2MDAwMDAwMDAwMDB9fQ==",
          "dependencies": [
            "data.http.my_public_ip",
            "module.instance.openstack_networking_secgroup_v2.security_group"
          ]
        }
      ]
    },
    {
      "module": "module.instance",
      "mode": "managed",
      "type": "openstack_networking_secgroup_rule_v2",
      "name": "security_group_rule_tcp",
      "provider": "provider[\"registry.terraform.io/terraform-provider-openstack/openstack\"]",
      "instances": [
        {
          "schema_version": 0,
          "attributes": {
            "description": "Managed by Terraform!",
            "direction": "ingress",
            "ethertype": "IPv4",
            "id": "91aac041-d474-4701-b258-941def5c192e",
            "port_range_max": 0,
            "port_range_min": 0,
            "protocol": "tcp",
            "region": "RegionOne",
            "remote_group_id": "",
            "remote_ip_prefix": "195.91.16.43/32",
            "security_group_id": "72155a3b-3e36-47ce-bfce-1d58b36556ae",
            "tenant_id": "fa3a287703a04a5ebd33ac58e7986357",
            "timeouts": null
          },
          "sensitive_attributes": [],
          "private": "eyJlMmJmYjczMC1lY2FhLTExZTYtOGY4OC0zNDM2M2JjN2M0YzAiOnsiZGVsZXRlIjo2MDAwMDAwMDAwMDB9fQ==",
          "dependencies": [
            "data.http.my_public_ip",
            "module.instance.openstack_networking_secgroup_v2.security_group"
          ]
        }
      ]
    },
    {
      "module": "module.instance",
      "mode": "managed",
      "type": "openstack_networking_secgroup_rule_v2",
      "name": "security_group_rule_udp",
      "provider": "provider[\"registry.terraform.io/terraform-provider-openstack/openstack\"]",
      "instances": [
        {
          "schema_version": 0,
          "attributes": {
            "description": "Managed by Terraform!",
            "direction": "ingress",
            "ethertype": "IPv4",
            "id": "e01fa3c3-53f3-4d84-be6a-9020df270c60",
            "port_range_max": 0,
            "port_range_min": 0,
            "protocol": "udp",
            "region": "RegionOne",
            "remote_group_id": "",
            "remote_ip_prefix": "195.91.16.43/32",
            "security_group_id": "72155a3b-3e36-47ce-bfce-1d58b36556ae",
            "tenant_id": "fa3a287703a04a5ebd33ac58e7986357",
            "timeouts": null
          },
          "sensitive_attributes": [],
          "private": "eyJlMmJmYjczMC1lY2FhLTExZTYtOGY4OC0zNDM2M2JjN2M0YzAiOnsiZGVsZXRlIjo2MDAwMDAwMDAwMDB9fQ==",
          "dependencies": [
            "data.http.my_public_ip",
            "module.instance.openstack_networking_secgroup_v2.security_group"
          ]
        }
      ]
    },
    {
      "module": "module.instance",
      "mode": "managed",
      "type": "openstack_networking_secgroup_rule_v2",
      "name": "security_group_rule_university_icmp",
      "provider": "provider[\"registry.terraform.io/terraform-provider-openstack/openstack\"]",
      "instances": [
        {
          "schema_version": 0,
          "attributes": {
            "description": "Managed by Terraform!",
            "direction": "ingress",
            "ethertype": "IPv4",
            "id": "f199e2fc-0cd3-4a4e-b103-95b985619197",
            "port_range_max": 0,
            "port_range_min": 0,
            "protocol": "icmp",
            "region": "RegionOne",
            "remote_group_id": "",
            "remote_ip_prefix": "158.193.0.0/16",
            "security_group_id": "72155a3b-3e36-47ce-bfce-1d58b36556ae",
            "tenant_id": "fa3a287703a04a5ebd33ac58e7986357",
            "timeouts": null
          },
          "sensitive_attributes": [],
          "private": "eyJlMmJmYjczMC1lY2FhLTExZTYtOGY4OC0zNDM2M2JjN2M0YzAiOnsiZGVsZXRlIjo2MDAwMDAwMDAwMDB9fQ==",
          "dependencies": [
            "module.instance.openstack_networking_secgroup_v2.security_group"
          ]
        }
      ]
    },
    {
      "module": "module.instance",
      "mode": "managed",
      "type": "openstack_networking_secgroup_rule_v2",
      "name": "security_group_rule_university_tcp",
      "provider": "provider[\"registry.terraform.io/terraform-provider-openstack/openstack\"]",
      "instances": [
        {
          "schema_version": 0,
          "attributes": {
            "description": "Managed by Terraform!",
            "direction": "ingress",
            "ethertype": "IPv4",
            "id": "33c509d0-526b-4873-be4e-82cdfa7c3148",
            "port_range_max": 0,
            "port_range_min": 0,
            "protocol": "tcp",
            "region": "RegionOne",
            "remote_group_id": "",
            "remote_ip_prefix": "158.193.0.0/16",
            "security_group_id": "72155a3b-3e36-47ce-bfce-1d58b36556ae",
            "tenant_id": "fa3a287703a04a5ebd33ac58e7986357",
            "timeouts": null
          },
          "sensitive_attributes": [],
          "private": "eyJlMmJmYjczMC1lY2FhLTExZTYtOGY4OC0zNDM2M2JjN2M0YzAiOnsiZGVsZXRlIjo2MDAwMDAwMDAwMDB9fQ==",
          "dependencies": [
            "module.instance.openstack_networking_secgroup_v2.security_group"
          ]
        }
      ]
    },
    {
      "module": "module.instance",
      "mode": "managed",
      "type": "openstack_networking_secgroup_rule_v2",
      "name": "security_group_rule_university_udp",
      "provider": "provider[\"registry.terraform.io/terraform-provider-openstack/openstack\"]",
      "instances": [
        {
          "schema_version": 0,
          "attributes": {
            "description": "Managed by Terraform!",
            "direction": "ingress",
            "ethertype": "IPv4",
            "id": "963a57c2-d8b9-4d73-8d36-c70f7b0c85e3",
            "port_range_max": 0,
            "port_range_min": 0,
            "protocol": "udp",
            "region": "RegionOne",
            "remote_group_id": "",
            "remote_ip_prefix": "158.193.0.0/16",
            "security_group_id": "72155a3b-3e36-47ce-bfce-1d58b36556ae",
            "tenant_id": "fa3a287703a04a5ebd33ac58e7986357",
            "timeouts": null
          },
          "sensitive_attributes": [],
          "private": "eyJlMmJmYjczMC1lY2FhLTExZTYtOGY4OC0zNDM2M2JjN2M0YzAiOnsiZGVsZXRlIjo2MDAwMDAwMDAwMDB9fQ==",
          "dependencies": [
            "module.instance.openstack_networking_secgroup_v2.security_group"
          ]
        }
      ]
    },
    {
      "module": "module.instance",
      "mode": "managed",
      "type": "openstack_networking_secgroup_v2",
      "name": "security_group",
      "provider": "provider[\"registry.terraform.io/terraform-provider-openstack/openstack\"]",
      "instances": [
        {
          "schema_version": 0,
          "attributes": {
            "all_tags": [],
            "delete_default_rules": null,
            "description": "Managed by Terraform!",
            "id": "72155a3b-3e36-47ce-bfce-1d58b36556ae",
            "name": "onpk-dev-secgroup",
            "region": "RegionOne",
            "tags": [],
            "tenant_id": "fa3a287703a04a5ebd33ac58e7986357",
            "timeouts": null
          },
          "sensitive_attributes": [],
          "private": "eyJlMmJmYjczMC1lY2FhLTExZTYtOGY4OC0zNDM2M2JjN2M0YzAiOnsiZGVsZXRlIjo2MDAwMDAwMDAwMDB9fQ=="
        }
      ]
    }
  ],
  "check_results": []
}
