{
  "version": 4,
  "terraform_version": "1.3.2",
  "serial": 252,
  "lineage": "c7b4056f-c52f-251e-6d64-d3a8302e1e16",
  "outputs": {
    "instance": {
      "value": [
        {
          "instance_ipv4_address": "158.193.153.217",
          "instance_ipv6_address": "[2001:4118:300:124::1:372]",
          "instance_name": "onpk-dev-instance",
          "instance_network_name": "ext-net",
          "instance_security_group_id": "6c0ab415-b3a0-49bd-bebe-4e372ec01021",
          "project_name": "onpk",
          "ssh_command": "ssh -i /home/drajcan/WORK/Unicorn/UNIZA/kis-onpk/Terraform/docker-server/onpk-dev-keypair.pem ubuntu@158.193.153.217"
        }
      ],
      "type": [
        "tuple",
        [
          [
            "object",
            {
              "instance_ipv4_address": "string",
              "instance_ipv6_address": "string",
              "instance_name": "string",
              "instance_network_name": "string",
              "instance_security_group_id": "string",
              "project_name": "string",
              "ssh_command": "string"
            }
          ]
        ]
      ]
    }
  },
  "resources": [
    {
      "mode": "data",
      "type": "http",
      "name": "my_public_ip",
      "provider": "provider[\"registry.terraform.io/hashicorp/http\"]",
      "instances": [
        {
          "schema_version": 0,
          "attributes": {
            "body": "195.91.8.2\n",
            "id": "http://ipv4.icanhazip.com",
            "method": null,
            "request_body": null,
            "request_headers": null,
            "response_body": "195.91.8.2\n",
            "response_headers": {
              "Access-Control-Allow-Methods": "GET",
              "Access-Control-Allow-Origin": "*",
              "Alt-Svc": "h3=\":443\"; ma=86400, h3-29=\":443\"; ma=86400",
              "Cf-Ray": "759f9f02cc1c38c1-VIE",
              "Connection": "keep-alive",
              "Content-Length": "11",
              "Content-Type": "text/plain",
              "Date": "Fri, 14 Oct 2022 10:27:12 GMT",
              "Server": "cloudflare",
              "Set-Cookie": "__cf_bm=hwzTX71D9yLPBPU3qkImzgFTku7LjZEADPE9h5IaqZ0-1665743232-0-AVhvcZI1r9SUfMtJnz++KWAkGRY7XI3ZpGpUI8QelSja+lvVIZFLZgvY3A01ivdVw7zL16AHryUWxHAvaapcA3Q=; path=/; expires=Fri, 14-Oct-22 10:57:12 GMT; domain=.icanhazip.com; HttpOnly; SameSite=None",
              "Vary": "Accept-Encoding"
            },
            "status_code": 200,
            "url": "http://ipv4.icanhazip.com"
          },
          "sensitive_attributes": []
        }
      ]
    },
    {
      "mode": "managed",
      "type": "local_file",
      "name": "private_key",
      "provider": "provider[\"registry.terraform.io/hashicorp/local\"]",
      "instances": [
        {
          "schema_version": 0,
          "attributes": {
            "content": "-----BEGIN RSA PRIVATE KEY-----\nMIIEpQIBAAKCAQEA3OrrzKhPiNpw86ysqixakmseMYs9dOFQf8tdD/omVMebEqkC\nPq3OnsFAwHth57OAZQUZ6z4HXy3A4cZqQ6Yplj467P2XTlHNn+aIbxrcs32faXNC\neYYNaQiQGWB+aYTSfxUGJ/adBQzqe37+UeuyHTP4uj5w63Xo0+ThzIVHVcXeUj0c\n7rbtZn6EQ/wAWcxuttk0nskQZH9i4r/sGCpOXwTaStUmIO6upuC64e8sgV4PISnH\nrdPOVjMealBjgn+HdIESKjeQlsHszjWEtJ6jrDjflUxdCt05a7XCwZeG1cuxUGrO\n29CceRIkiN34rA7PIWxr5t3E5hkcu+7OBIV3yQIDAQABAoIBAQDGI/3xxVPwjtuX\n8lu7FaT2hhTCovwwBJZKyH9jgR04FP9FMUjOJt2XDgWhnggl5J1X/cdNcojyGPtS\nhL9yhWnvU0lOnfRDTqN6sy3TWOhyJE4CKlqI3G7Ssddsq1s2EOcrDBRFa69RhFAb\nC7/WgetyvdZsVOy6gzqcMkFDSpa8mdwvSalieOUlBICUUVhp15DnYq4a5VgqNfmW\ng3flrS82YlNT1e18MnL1B90HxqkYgmFbNXMtd8zvM2PwmN7ttxbxUkZ0VG8fnjT7\nmpwLMinEPQcvJVyOVwd3kpYqEAiYWZU+iKMzO/fWxD6/Yme4kYX/5+mmB5kdFhum\nGThvqy9xAoGBAP9CdTpsdU+SpNwyTKIZNXxBFBo/1CNqB5Kka6TVuN1kkWUNYLgN\nIYRSiIEOuaXasryQ1Q/fmKktLvyNzzlyv4hCVZo0boY7l1vUjh2Bpw1qVcGA3rQY\nMuQyT1w+hOMETnbjpo+TSisuP0JXjh3CGuY1v/kz2BeCfDPUaHhOfMT7AoGBAN2O\n9nKqhgM56XwzH/BUfACgttiikdKEmzsizLLPpvRVbwIYkb5caXgiKQGcAO2zAWiP\nOKAH4ZdgPSwJAurLhV9o5qO+sBibLqhYnfHy2UDDOaHVT2I84VKidNoqngw4VSc5\n/nFecbuvW/8uvvylK2+8Ekine+8detTRNG2b0TMLAoGBAIcCOIzBJr8Cme3ZMM0f\ntjlVFnPXxLVCdGTsT/7sB44Zjgk7rSdL0qlxGb/g8PI3HQg9NmPh6JW6TzrHKo6B\nEarZIvuftcGLrT+lydDzbU7cKiVhqujoT6qArZblflWwRmv9dnBEABucp1rIgmNc\n8etHDJWbBTVSD60+ME9JfBaXAoGBAJ4vPyfZNftBssEZI1mMiEhOdp2vXFuoj8gl\n7W5RMctK4AnoDs6R3j+GbC6Y+lS7tGq5rt0bI2bXsHUrLekDTAM1u033jHTU/vf0\n5TfkglZpzFEOIjJqcxlzoehN+y+QXMO39UFuA9fTuOQ1tOhe6OdKqOc0pRiwvI0L\nnNoRIMjHAoGAV53GM+ca3vOZQIyv4hGM4uMFBkHPA7zp0HlhxVylLZ5485sjKZJm\nzlkJPq+O0unmPI05gT+yMwpCYBQPdUURbmQkHPRULU7gV9GE7hgk7FnB2UDIN3qr\n1wEX90+2a+b9/h2nKaHr5gECBMncOa/W7aSLgkDLZ455ia0mSlqHnwk=\n-----END RSA PRIVATE KEY-----\n",
            "content_base64": null,
            "directory_permission": "0777",
            "file_permission": "0400",
            "filename": "./onpk-dev-keypair.pem",
            "id": "076bdffb63eba5c70c3da167be3ffbab3195f0f3",
            "sensitive_content": null,
            "source": null
          },
          "sensitive_attributes": [],
          "private": "bnVsbA==",
          "dependencies": [
            "openstack_compute_keypair_v2.keypair"
          ]
        }
      ]
    },
    {
      "mode": "managed",
      "type": "openstack_compute_keypair_v2",
      "name": "keypair",
      "provider": "provider[\"registry.terraform.io/terraform-provider-openstack/openstack\"]",
      "instances": [
        {
          "schema_version": 0,
          "attributes": {
            "fingerprint": "a4:de:77:e1:a7:37:33:db:21:f4:eb:42:d6:44:9a:df",
            "id": "onpk-dev-keypair",
            "name": "onpk-dev-keypair",
            "private_key": "-----BEGIN RSA PRIVATE KEY-----\nMIIEpQIBAAKCAQEA3OrrzKhPiNpw86ysqixakmseMYs9dOFQf8tdD/omVMebEqkC\nPq3OnsFAwHth57OAZQUZ6z4HXy3A4cZqQ6Yplj467P2XTlHNn+aIbxrcs32faXNC\neYYNaQiQGWB+aYTSfxUGJ/adBQzqe37+UeuyHTP4uj5w63Xo0+ThzIVHVcXeUj0c\n7rbtZn6EQ/wAWcxuttk0nskQZH9i4r/sGCpOXwTaStUmIO6upuC64e8sgV4PISnH\nrdPOVjMealBjgn+HdIESKjeQlsHszjWEtJ6jrDjflUxdCt05a7XCwZeG1cuxUGrO\n29CceRIkiN34rA7PIWxr5t3E5hkcu+7OBIV3yQIDAQABAoIBAQDGI/3xxVPwjtuX\n8lu7FaT2hhTCovwwBJZKyH9jgR04FP9FMUjOJt2XDgWhnggl5J1X/cdNcojyGPtS\nhL9yhWnvU0lOnfRDTqN6sy3TWOhyJE4CKlqI3G7Ssddsq1s2EOcrDBRFa69RhFAb\nC7/WgetyvdZsVOy6gzqcMkFDSpa8mdwvSalieOUlBICUUVhp15DnYq4a5VgqNfmW\ng3flrS82YlNT1e18MnL1B90HxqkYgmFbNXMtd8zvM2PwmN7ttxbxUkZ0VG8fnjT7\nmpwLMinEPQcvJVyOVwd3kpYqEAiYWZU+iKMzO/fWxD6/Yme4kYX/5+mmB5kdFhum\nGThvqy9xAoGBAP9CdTpsdU+SpNwyTKIZNXxBFBo/1CNqB5Kka6TVuN1kkWUNYLgN\nIYRSiIEOuaXasryQ1Q/fmKktLvyNzzlyv4hCVZo0boY7l1vUjh2Bpw1qVcGA3rQY\nMuQyT1w+hOMETnbjpo+TSisuP0JXjh3CGuY1v/kz2BeCfDPUaHhOfMT7AoGBAN2O\n9nKqhgM56XwzH/BUfACgttiikdKEmzsizLLPpvRVbwIYkb5caXgiKQGcAO2zAWiP\nOKAH4ZdgPSwJAurLhV9o5qO+sBibLqhYnfHy2UDDOaHVT2I84VKidNoqngw4VSc5\n/nFecbuvW/8uvvylK2+8Ekine+8detTRNG2b0TMLAoGBAIcCOIzBJr8Cme3ZMM0f\ntjlVFnPXxLVCdGTsT/7sB44Zjgk7rSdL0qlxGb/g8PI3HQg9NmPh6JW6TzrHKo6B\nEarZIvuftcGLrT+lydDzbU7cKiVhqujoT6qArZblflWwRmv9dnBEABucp1rIgmNc\n8etHDJWbBTVSD60+ME9JfBaXAoGBAJ4vPyfZNftBssEZI1mMiEhOdp2vXFuoj8gl\n7W5RMctK4AnoDs6R3j+GbC6Y+lS7tGq5rt0bI2bXsHUrLekDTAM1u033jHTU/vf0\n5TfkglZpzFEOIjJqcxlzoehN+y+QXMO39UFuA9fTuOQ1tOhe6OdKqOc0pRiwvI0L\nnNoRIMjHAoGAV53GM+ca3vOZQIyv4hGM4uMFBkHPA7zp0HlhxVylLZ5485sjKZJm\nzlkJPq+O0unmPI05gT+yMwpCYBQPdUURbmQkHPRULU7gV9GE7hgk7FnB2UDIN3qr\n1wEX90+2a+b9/h2nKaHr5gECBMncOa/W7aSLgkDLZ455ia0mSlqHnwk=\n-----END RSA PRIVATE KEY-----\n",
            "public_key": "ssh-rsa AAAAB3NzaC1yc2EAAAADAQABAAABAQDc6uvMqE+I2nDzrKyqLFqSax4xiz104VB/y10P+iZUx5sSqQI+rc6ewUDAe2Hns4BlBRnrPgdfLcDhxmpDpimWPjrs/ZdOUc2f5ohvGtyzfZ9pc0J5hg1pCJAZYH5phNJ/FQYn9p0FDOp7fv5R67IdM/i6PnDrdejT5OHMhUdVxd5SPRzutu1mfoRD/ABZzG622TSeyRBkf2Liv+wYKk5fBNpK1SYg7q6m4Lrh7yyBXg8hKcet085WMx5qUGOCf4d0gRIqN5CWwezONYS0nqOsON+VTF0K3TlrtcLBl4bVy7FQas7b0Jx5EiSI3fisDs8hbGvm3cTmGRy77s4EhXfJ Generated-by-Nova",
            "region": "RegionOne",
            "user_id": "",
            "value_specs": null
          },
          "sensitive_attributes": [],
          "private": "bnVsbA=="
        }
      ]
    },
    {
      "module": "module.instance",
      "mode": "managed",
      "type": "openstack_compute_instance_v2",
      "name": "instance",
      "provider": "provider[\"registry.terraform.io/terraform-provider-openstack/openstack\"]",
      "instances": [
        {
          "schema_version": 0,
          "attributes": {
            "access_ip_v4": "158.193.153.217",
            "access_ip_v6": "[2001:4118:300:124::1:372]",
            "admin_pass": null,
            "all_metadata": {},
            "all_tags": [],
            "availability_zone": "compute1",
            "availability_zone_hints": null,
            "block_device": [],
            "config_drive": null,
            "flavor_id": "7de08105-668c-48c1-8978-5fc40f578d24",
            "flavor_name": "ONPK_small",
            "floating_ip": null,
            "force_delete": false,
            "id": "68d84387-182e-4734-a81b-4c5e02017581",
            "image_id": "0fc1152a-4037-4d89-a22a-60f477e2eba0",
            "image_name": "ubuntu_server_20.04_Openstack",
            "key_pair": "onpk-dev-keypair",
            "metadata": null,
            "name": "onpk-dev-instance",
            "network": [
              {
                "access_network": false,
                "fixed_ip_v4": "158.193.153.217",
                "fixed_ip_v6": "[2001:4118:300:124::1:372]",
                "floating_ip": "",
                "mac": "fa:16:3e:c2:42:c4",
                "name": "ext-net",
                "port": "",
                "uuid": "1879d9ce-dd1f-4d9b-a9b0-d4fe208dc88a"
              }
            ],
            "network_mode": null,
            "personality": [],
            "power_state": "active",
            "region": "RegionOne",
            "scheduler_hints": [],
            "security_groups": [
              "onpk-dev-secgroup"
            ],
            "stop_before_destroy": false,
            "tags": null,
            "timeouts": null,
            "user_data": "58db17cf10d02398b638abc0298ccd0630fbd8c7",
            "vendor_options": [],
            "volume": []
          },
          "sensitive_attributes": [],
          "private": "eyJlMmJmYjczMC1lY2FhLTExZTYtOGY4OC0zNDM2M2JjN2M0YzAiOnsiY3JlYXRlIjoxODAwMDAwMDAwMDAwLCJkZWxldGUiOjE4MDAwMDAwMDAwMDAsInVwZGF0ZSI6MTgwMDAwMDAwMDAwMH19",
          "dependencies": [
            "module.instance.openstack_networking_secgroup_v2.security_group",
            "openstack_compute_keypair_v2.keypair"
          ]
        }
      ]
    },
    {
      "module": "module.instance",
      "mode": "managed",
      "type": "openstack_networking_secgroup_rule_v2",
      "name": "security_group_rule_icmp",
      "provider": "provider[\"registry.terraform.io/terraform-provider-openstack/openstack\"]",
      "instances": [
        {
          "schema_version": 0,
          "attributes": {
            "description": "Managed by Terraform!",
            "direction": "ingress",
            "ethertype": "IPv4",
            "id": "33dcc3e5-33c2-4196-8c9c-0633431b42b1",
            "port_range_max": 0,
            "port_range_min": 0,
            "protocol": "icmp",
            "region": "RegionOne",
            "remote_group_id": "",
            "remote_ip_prefix": "195.91.8.2/32",
            "security_group_id": "6c0ab415-b3a0-49bd-bebe-4e372ec01021",
            "tenant_id": "6eadf3f371bb492b9b86989c68098984",
            "timeouts": null
          },
          "sensitive_attributes": [],
          "private": "eyJlMmJmYjczMC1lY2FhLTExZTYtOGY4OC0zNDM2M2JjN2M0YzAiOnsiZGVsZXRlIjo2MDAwMDAwMDAwMDB9fQ==",
          "dependencies": [
            "data.http.my_public_ip",
            "module.instance.openstack_networking_secgroup_v2.security_group"
          ]
        }
      ]
    },
    {
      "module": "module.instance",
      "mode": "managed",
      "type": "openstack_networking_secgroup_rule_v2",
      "name": "security_group_rule_tcp",
      "provider": "provider[\"registry.terraform.io/terraform-provider-openstack/openstack\"]",
      "instances": [
        {
          "schema_version": 0,
          "attributes": {
            "description": "Managed by Terraform!",
            "direction": "ingress",
            "ethertype": "IPv4",
            "id": "5f528d74-2c6c-431a-a1c9-b980c88e7fe0",
            "port_range_max": 0,
            "port_range_min": 0,
            "protocol": "tcp",
            "region": "RegionOne",
            "remote_group_id": "",
            "remote_ip_prefix": "195.91.8.2/32",
            "security_group_id": "6c0ab415-b3a0-49bd-bebe-4e372ec01021",
            "tenant_id": "6eadf3f371bb492b9b86989c68098984",
            "timeouts": null
          },
          "sensitive_attributes": [],
          "private": "eyJlMmJmYjczMC1lY2FhLTExZTYtOGY4OC0zNDM2M2JjN2M0YzAiOnsiZGVsZXRlIjo2MDAwMDAwMDAwMDB9fQ==",
          "dependencies": [
            "data.http.my_public_ip",
            "module.instance.openstack_networking_secgroup_v2.security_group"
          ]
        }
      ]
    },
    {
      "module": "module.instance",
      "mode": "managed",
      "type": "openstack_networking_secgroup_rule_v2",
      "name": "security_group_rule_udp",
      "provider": "provider[\"registry.terraform.io/terraform-provider-openstack/openstack\"]",
      "instances": [
        {
          "schema_version": 0,
          "attributes": {
            "description": "Managed by Terraform!",
            "direction": "ingress",
            "ethertype": "IPv4",
            "id": "497e46a7-59ff-44eb-8e44-beb37be1133a",
            "port_range_max": 0,
            "port_range_min": 0,
            "protocol": "udp",
            "region": "RegionOne",
            "remote_group_id": "",
            "remote_ip_prefix": "195.91.8.2/32",
            "security_group_id": "6c0ab415-b3a0-49bd-bebe-4e372ec01021",
            "tenant_id": "6eadf3f371bb492b9b86989c68098984",
            "timeouts": null
          },
          "sensitive_attributes": [],
          "private": "eyJlMmJmYjczMC1lY2FhLTExZTYtOGY4OC0zNDM2M2JjN2M0YzAiOnsiZGVsZXRlIjo2MDAwMDAwMDAwMDB9fQ==",
          "dependencies": [
            "data.http.my_public_ip",
            "module.instance.openstack_networking_secgroup_v2.security_group"
          ]
        }
      ]
    },
    {
      "module": "module.instance",
      "mode": "managed",
      "type": "openstack_networking_secgroup_rule_v2",
      "name": "security_group_rule_university_icmp",
      "provider": "provider[\"registry.terraform.io/terraform-provider-openstack/openstack\"]",
      "instances": [
        {
          "schema_version": 0,
          "attributes": {
            "description": "Managed by Terraform!",
            "direction": "ingress",
            "ethertype": "IPv4",
            "id": "c6f7406b-32be-4aa9-ab9b-88352235ba7f",
            "port_range_max": 0,
            "port_range_min": 0,
            "protocol": "icmp",
            "region": "RegionOne",
            "remote_group_id": "",
            "remote_ip_prefix": "158.193.0.0/16",
            "security_group_id": "6c0ab415-b3a0-49bd-bebe-4e372ec01021",
            "tenant_id": "6eadf3f371bb492b9b86989c68098984",
            "timeouts": null
          },
          "sensitive_attributes": [],
          "private": "eyJlMmJmYjczMC1lY2FhLTExZTYtOGY4OC0zNDM2M2JjN2M0YzAiOnsiZGVsZXRlIjo2MDAwMDAwMDAwMDB9fQ==",
          "dependencies": [
            "module.instance.openstack_networking_secgroup_v2.security_group"
          ]
        }
      ]
    },
    {
      "module": "module.instance",
      "mode": "managed",
      "type": "openstack_networking_secgroup_rule_v2",
      "name": "security_group_rule_university_tcp",
      "provider": "provider[\"registry.terraform.io/terraform-provider-openstack/openstack\"]",
      "instances": [
        {
          "schema_version": 0,
          "attributes": {
            "description": "Managed by Terraform!",
            "direction": "ingress",
            "ethertype": "IPv4",
            "id": "3b542477-b92e-40d6-b01b-6f54c31e9178",
            "port_range_max": 0,
            "port_range_min": 0,
            "protocol": "tcp",
            "region": "RegionOne",
            "remote_group_id": "",
            "remote_ip_prefix": "158.193.0.0/16",
            "security_group_id": "6c0ab415-b3a0-49bd-bebe-4e372ec01021",
            "tenant_id": "6eadf3f371bb492b9b86989c68098984",
            "timeouts": null
          },
          "sensitive_attributes": [],
          "private": "eyJlMmJmYjczMC1lY2FhLTExZTYtOGY4OC0zNDM2M2JjN2M0YzAiOnsiZGVsZXRlIjo2MDAwMDAwMDAwMDB9fQ==",
          "dependencies": [
            "module.instance.openstack_networking_secgroup_v2.security_group"
          ]
        }
      ]
    },
    {
      "module": "module.instance",
      "mode": "managed",
      "type": "openstack_networking_secgroup_rule_v2",
      "name": "security_group_rule_university_udp",
      "provider": "provider[\"registry.terraform.io/terraform-provider-openstack/openstack\"]",
      "instances": [
        {
          "schema_version": 0,
          "attributes": {
            "description": "Managed by Terraform!",
            "direction": "ingress",
            "ethertype": "IPv4",
            "id": "d5c57de2-e27b-443e-b67a-ab82cf21e28e",
            "port_range_max": 0,
            "port_range_min": 0,
            "protocol": "udp",
            "region": "RegionOne",
            "remote_group_id": "",
            "remote_ip_prefix": "158.193.0.0/16",
            "security_group_id": "6c0ab415-b3a0-49bd-bebe-4e372ec01021",
            "tenant_id": "6eadf3f371bb492b9b86989c68098984",
            "timeouts": null
          },
          "sensitive_attributes": [],
          "private": "eyJlMmJmYjczMC1lY2FhLTExZTYtOGY4OC0zNDM2M2JjN2M0YzAiOnsiZGVsZXRlIjo2MDAwMDAwMDAwMDB9fQ==",
          "dependencies": [
            "module.instance.openstack_networking_secgroup_v2.security_group"
          ]
        }
      ]
    },
    {
      "module": "module.instance",
      "mode": "managed",
      "type": "openstack_networking_secgroup_v2",
      "name": "security_group",
      "provider": "provider[\"registry.terraform.io/terraform-provider-openstack/openstack\"]",
      "instances": [
        {
          "schema_version": 0,
          "attributes": {
            "all_tags": [],
            "delete_default_rules": null,
            "description": "Managed by Terraform!",
            "id": "6c0ab415-b3a0-49bd-bebe-4e372ec01021",
            "name": "onpk-dev-secgroup",
            "region": "RegionOne",
            "tags": null,
            "tenant_id": "6eadf3f371bb492b9b86989c68098984",
            "timeouts": null
          },
          "sensitive_attributes": [],
          "private": "eyJlMmJmYjczMC1lY2FhLTExZTYtOGY4OC0zNDM2M2JjN2M0YzAiOnsiZGVsZXRlIjo2MDAwMDAwMDAwMDB9fQ=="
        }
      ]
    }
  ],
  "check_results": []
}
